
Microsoft Visual Studio Solution File, Format Version 12.00
# Visual Studio 15
VisualStudioVersion = 15.0.26430.13
MinimumVisualStudioVersion = 10.0.40219.1
Project("{FAE04EC0-301F-11D3-BF4B-00C04F79EFBC}") = "webServices", "webServices\webServices.csproj", "{6F7CB3AF-6349-48F3-99AF-6C2BA99D5B23}"
EndProject
Project("{FAE04EC0-301F-11D3-BF4B-00C04F79EFBC}") = "ws2", "ws2\ws2.csproj", "{1B46B7D7-4396-4F6F-86C7-84DCEA4B1967}"
	ProjectSection(ProjectDependencies) = postProject
		{6F7CB3AF-6349-48F3-99AF-6C2BA99D5B23} = {6F7CB3AF-6349-48F3-99AF-6C2BA99D5B23}
	EndProjectSection
EndProject
Global
	GlobalSection(SolutionConfigurationPlatforms) = preSolution
		Debug|Any CPU = Debug|Any CPU
		Release|Any CPU = Release|Any CPU
	EndGlobalSection
	GlobalSection(ProjectConfigurationPlatforms) = postSolution
		{6F7CB3AF-6349-48F3-99AF-6C2BA99D5B23}.Debug|Any CPU.ActiveCfg = Debug|Any CPU
		{6F7CB3AF-6349-48F3-99AF-6C2BA99D5B23}.Debug|Any CPU.Build.0 = Debug|Any CPU
		{6F7CB3AF-6349-48F3-99AF-6C2BA99D5B23}.Release|Any CPU.ActiveCfg = Release|Any CPU
		{6F7CB3AF-6349-48F3-99AF-6C2BA99D5B23}.Release|Any CPU.Build.0 = Release|Any CPU
		{1B46B7D7-4396-4F6F-86C7-84DCEA4B1967}.Debug|Any CPU.ActiveCfg = Debug|Any CPU
		{1B46B7D7-4396-4F6F-86C7-84DCEA4B1967}.Debug|Any CPU.Build.0 = Debug|Any CPU
		{1B46B7D7-4396-4F6F-86C7-84DCEA4B1967}.Release|Any CPU.ActiveCfg = Release|Any CPU
		{1B46B7D7-4396-4F6F-86C7-84DCEA4B1967}.Release|Any CPU.Build.0 = Release|Any CPU
	EndGlobalSection
	GlobalSection(SolutionProperties) = preSolution
		HideSolutionNode = FALSE
	EndGlobalSection
EndGlobal
